
Microsoft Visual Studio Solution File, Format Version 12.00
# Visual Studio Version 17
VisualStudioVersion = 17.3.32825.248
MinimumVisualStudioVersion = 10.0.40219.1
Project("{9A19103F-16F7-4668-BE54-9A1E7A4F7556}") = "DotNetSamples", "DotNetSamples\DotNetSamples.csproj", "{E632F373-B602-4BCF-B7E2-9EA0D6ABC1EA}"
EndProject
Project("{9A19103F-16F7-4668-BE54-9A1E7A4F7556}") = "WPFTechniques", "WPFTechniques\WPFTechniques.csproj", "{9781B9C0-C1FB-4613-B696-85BF20CD2F60}"
EndProject
Project("{9A19103F-16F7-4668-BE54-9A1E7A4F7556}") = "WPFTechniques_ViewModels", "WPFTechniques_ViewModels\WPFTechniques_ViewModels.csproj", "{FF421F6F-EE14-4BBE-9777-B712D9F54194}"
EndProject
Project("{FAE04EC0-301F-11D3-BF4B-00C04F79EFBC}") = "Nutrition", "Nutrition\Nutrition.csproj", "{EBD6539B-C0C6-4CCA-ACDD-6BE64B4EB955}"
EndProject
Global
	GlobalSection(SolutionConfigurationPlatforms) = preSolution
		Debug|Any CPU = Debug|Any CPU
		Release|Any CPU = Release|Any CPU
	EndGlobalSection
	GlobalSection(ProjectConfigurationPlatforms) = postSolution
		{E632F373-B602-4BCF-B7E2-9EA0D6ABC1EA}.Debug|Any CPU.ActiveCfg = Debug|Any CPU
		{E632F373-B602-4BCF-B7E2-9EA0D6ABC1EA}.Debug|Any CPU.Build.0 = Debug|Any CPU
		{E632F373-B602-4BCF-B7E2-9EA0D6ABC1EA}.Release|Any CPU.ActiveCfg = Release|Any CPU
		{E632F373-B602-4BCF-B7E2-9EA0D6ABC1EA}.Release|Any CPU.Build.0 = Release|Any CPU
		{9781B9C0-C1FB-4613-B696-85BF20CD2F60}.Debug|Any CPU.ActiveCfg = Debug|Any CPU
		{9781B9C0-C1FB-4613-B696-85BF20CD2F60}.Debug|Any CPU.Build.0 = Debug|Any CPU
		{9781B9C0-C1FB-4613-B696-85BF20CD2F60}.Release|Any CPU.ActiveCfg = Release|Any CPU
		{9781B9C0-C1FB-4613-B696-85BF20CD2F60}.Release|Any CPU.Build.0 = Release|Any CPU
		{FF421F6F-EE14-4BBE-9777-B712D9F54194}.Debug|Any CPU.ActiveCfg = Debug|Any CPU
		{FF421F6F-EE14-4BBE-9777-B712D9F54194}.Debug|Any CPU.Build.0 = Debug|Any CPU
		{FF421F6F-EE14-4BBE-9777-B712D9F54194}.Release|Any CPU.ActiveCfg = Release|Any CPU
		{FF421F6F-EE14-4BBE-9777-B712D9F54194}.Release|Any CPU.Build.0 = Release|Any CPU
		{EBD6539B-C0C6-4CCA-ACDD-6BE64B4EB955}.Debug|Any CPU.ActiveCfg = Debug|Any CPU
		{EBD6539B-C0C6-4CCA-ACDD-6BE64B4EB955}.Debug|Any CPU.Build.0 = Debug|Any CPU
		{EBD6539B-C0C6-4CCA-ACDD-6BE64B4EB955}.Release|Any CPU.ActiveCfg = Release|Any CPU
		{EBD6539B-C0C6-4CCA-ACDD-6BE64B4EB955}.Release|Any CPU.Build.0 = Release|Any CPU
	EndGlobalSection
	GlobalSection(SolutionProperties) = preSolution
		HideSolutionNode = FALSE
	EndGlobalSection
	GlobalSection(ExtensibilityGlobals) = postSolution
		SolutionGuid = {E549DE2E-85ED-45BA-9E92-8F37070469E8}
	EndGlobalSection
EndGlobal
